{
  "name": "detox",
  "lockfileVersion": 2,
  "requires": true,
  "packages": {
    "": {
      "dependencies": {
        "@lottiefiles/lottie-player": "^1.6.2",
        "gsap": "^3.11.4",
        "mouse-follower": "^1.1.2"
      }
    },
    "node_modules/@lit-labs/ssr-dom-shim": {
      "version": "1.0.0",
      "resolved": "https://registry.npmjs.org/@lit-labs/ssr-dom-shim/-/ssr-dom-shim-1.0.0.tgz",
      "integrity": "sha512-ic93MBXfApIFTrup4a70M/+ddD8xdt2zxxj9sRwHQzhS9ag/syqkD8JPdTXsc1gUy2K8TTirhlCqyTEM/sifNw=="
    },
    "node_modules/@lit/reactive-element": {
      "version": "1.6.0",
      "resolved": "https://registry.npmjs.org/@lit/reactive-element/-/reactive-element-1.6.0.tgz",
      "integrity": "sha512-33H04h4tx9NVEADti0haZTNxssCnqZlMlyjri5k9kwDWAe2W1iENroZt7VWwmsPhlWUD8sSoPXSHqd0DdL29Pw==",
      "dependencies": {
        "@lit-labs/ssr-dom-shim": "^1.0.0"
      }
    },
    "node_modules/@lottiefiles/lottie-player": {
      "version": "1.6.2",
      "resolved": "https://registry.npmjs.org/@lottiefiles/lottie-player/-/lottie-player-1.6.2.tgz",
      "integrity": "sha512-MKsiTBE86ut0SgKCZDCr6bnxeSUz6rtwO28qu14Vfsp3pOjmFXh3yGdxZjrIE1pV067D6SjaB6JlIwIwWqgYSw==",
      "dependencies": {
        "@types/pako": "^1.0.1",
        "lit": "^2.1.2",
        "lottie-web": "^5.10.0",
        "pako": "^2.0.4",
        "resize-observer-polyfill": "^1.5.1"
      }
    },
    "node_modules/@types/pako": {
      "version": "1.0.4",
      "resolved": "https://registry.npmjs.org/@types/pako/-/pako-1.0.4.tgz",
      "integrity": "sha512-Z+5bJSm28EXBSUJEgx29ioWeEEHUh6TiMkZHDhLwjc9wVFH+ressbkmX6waUZc5R3Gobn4Qu5llGxaoflZ+yhA=="
    },
    "node_modules/@types/trusted-types": {
      "version": "2.0.2",
      "resolved": "https://registry.npmjs.org/@types/trusted-types/-/trusted-types-2.0.2.tgz",
      "integrity": "sha512-F5DIZ36YVLE+PN+Zwws4kJogq47hNgX3Nx6WyDJ3kcplxyke3XIzB8uK5n/Lpm1HBsbGzd6nmGehL8cPekP+Tg=="
    },
    "node_modules/gsap": {
      "version": "3.11.4",
      "resolved": "https://registry.npmjs.org/gsap/-/gsap-3.11.4.tgz",
      "integrity": "sha512-McHhEguHyExMMnjqKA8G+7TvxmlKQGMbjgwAilnFe1e4id7V/tFveRQ2YMZhTYu0oxHGWvbPltdVYQOu3z1SCA=="
    },
    "node_modules/lit": {
      "version": "2.6.0",
      "resolved": "https://registry.npmjs.org/lit/-/lit-2.6.0.tgz",
      "integrity": "sha512-GUKVozhomdYlFVuB4UNipbPB5RcXNX4ns43uDA1gSTZN1oHe7mnj05fpYbESxXfxg/Gn905HTIzymCFrr/cn3A==",
      "dependencies": {
        "@lit/reactive-element": "^1.6.0",
        "lit-element": "^3.2.0",
        "lit-html": "^2.6.0"
      }
    },
    "node_modules/lit-element": {
      "version": "3.2.2",
      "resolved": "https://registry.npmjs.org/lit-element/-/lit-element-3.2.2.tgz",
      "integrity": "sha512-6ZgxBR9KNroqKb6+htkyBwD90XGRiqKDHVrW/Eh0EZ+l+iC+u+v+w3/BA5NGi4nizAVHGYvQBHUDuSmLjPp7NQ==",
      "dependencies": {
        "@lit/reactive-element": "^1.3.0",
        "lit-html": "^2.2.0"
      }
    },
    "node_modules/lit-html": {
      "version": "2.6.0",
      "resolved": "https://registry.npmjs.org/lit-html/-/lit-html-2.6.0.tgz",
      "integrity": "sha512-slNAAYfvC7LxeryDOnPFl5uTpxGYGJ6UR9SFmfY+gQ+sf30z1atDPXlgjcSTtwymNdlwDhfGjq+EemQRXp9z1g==",
      "dependencies": {
        "@types/trusted-types": "^2.0.2"
      }
    },
    "node_modules/lottie-web": {
      "version": "5.10.1",
      "resolved": "https://registry.npmjs.org/lottie-web/-/lottie-web-5.10.1.tgz",
      "integrity": "sha512-u17bVNf/vA3oK9Wkyb1Vpo83WUIEQwaT0GeEN0qcvaExizyJ/RjmcbjSDj0CnwQCtpGqTgYhqprCC7cTWuXMNw=="
    },
    "node_modules/mouse-follower": {
      "version": "1.1.2",
      "resolved": "https://registry.npmjs.org/mouse-follower/-/mouse-follower-1.1.2.tgz",
      "integrity": "sha512-Wa/3MKMNWW1qy7XuG34NMRAm504p0PckJU4yTyXCoNYFaaIcZi+bpnTg0L2u8QuGBYgs2ue84wGCPIaQQzRV3Q=="
    },
    "node_modules/pako": {
      "version": "2.1.0",
      "resolved": "https://registry.npmjs.org/pako/-/pako-2.1.0.tgz",
      "integrity": "sha512-w+eufiZ1WuJYgPXbV/PO3NCMEc3xqylkKHzp8bxp1uW4qaSNQUkwmLLEc3kKsfz8lpV1F8Ht3U1Cm+9Srog2ug=="
    },
    "node_modules/resize-observer-polyfill": {
      "version": "1.5.1",
      "resolved": "https://registry.npmjs.org/resize-observer-polyfill/-/resize-observer-polyfill-1.5.1.tgz",
      "integrity": "sha512-LwZrotdHOo12nQuZlHEmtuXdqGoOD0OhaxopaNFxWzInpEgaLWoVuAMbTzixuosCx2nEG58ngzW3vxdWoxIgdg=="
    }
  },
  "dependencies": {
    "@lit-labs/ssr-dom-shim": {
      "version": "1.0.0",
      "resolved": "https://registry.npmjs.org/@lit-labs/ssr-dom-shim/-/ssr-dom-shim-1.0.0.tgz",
      "integrity": "sha512-ic93MBXfApIFTrup4a70M/+ddD8xdt2zxxj9sRwHQzhS9ag/syqkD8JPdTXsc1gUy2K8TTirhlCqyTEM/sifNw=="
    },
    "@lit/reactive-element": {
      "version": "1.6.0",
      "resolved": "https://registry.npmjs.org/@lit/reactive-element/-/reactive-element-1.6.0.tgz",
      "integrity": "sha512-33H04h4tx9NVEADti0haZTNxssCnqZlMlyjri5k9kwDWAe2W1iENroZt7VWwmsPhlWUD8sSoPXSHqd0DdL29Pw==",
      "requires": {
        "@lit-labs/ssr-dom-shim": "^1.0.0"
      }
    },
    "@lottiefiles/lottie-player": {
      "version": "1.6.2",
      "resolved": "https://registry.npmjs.org/@lottiefiles/lottie-player/-/lottie-player-1.6.2.tgz",
      "integrity": "sha512-MKsiTBE86ut0SgKCZDCr6bnxeSUz6rtwO28qu14Vfsp3pOjmFXh3yGdxZjrIE1pV067D6SjaB6JlIwIwWqgYSw==",
      "requires": {
        "@types/pako": "^1.0.1",
        "lit": "^2.1.2",
        "lottie-web": "^5.10.0",
        "pako": "^2.0.4",
        "resize-observer-polyfill": "^1.5.1"
      }
    },
    "@types/pako": {
      "version": "1.0.4",
      "resolved": "https://registry.npmjs.org/@types/pako/-/pako-1.0.4.tgz",
      "integrity": "sha512-Z+5bJSm28EXBSUJEgx29ioWeEEHUh6TiMkZHDhLwjc9wVFH+ressbkmX6waUZc5R3Gobn4Qu5llGxaoflZ+yhA=="
    },
    "@types/trusted-types": {
      "version": "2.0.2",
      "resolved": "https://registry.npmjs.org/@types/trusted-types/-/trusted-types-2.0.2.tgz",
      "integrity": "sha512-F5DIZ36YVLE+PN+Zwws4kJogq47hNgX3Nx6WyDJ3kcplxyke3XIzB8uK5n/Lpm1HBsbGzd6nmGehL8cPekP+Tg=="
    },
    "gsap": {
      "version": "3.11.4",
      "resolved": "https://registry.npmjs.org/gsap/-/gsap-3.11.4.tgz",
      "integrity": "sha512-McHhEguHyExMMnjqKA8G+7TvxmlKQGMbjgwAilnFe1e4id7V/tFveRQ2YMZhTYu0oxHGWvbPltdVYQOu3z1SCA=="
    },
    "lit": {
      "version": "2.6.0",
      "resolved": "https://registry.npmjs.org/lit/-/lit-2.6.0.tgz",
      "integrity": "sha512-GUKVozhomdYlFVuB4UNipbPB5RcXNX4ns43uDA1gSTZN1oHe7mnj05fpYbESxXfxg/Gn905HTIzymCFrr/cn3A==",
      "requires": {
        "@lit/reactive-element": "^1.6.0",
        "lit-element": "^3.2.0",
        "lit-html": "^2.6.0"
      }
    },
    "lit-element": {
      "version": "3.2.2",
      "resolved": "https://registry.npmjs.org/lit-element/-/lit-element-3.2.2.tgz",
      "integrity": "sha512-6ZgxBR9KNroqKb6+htkyBwD90XGRiqKDHVrW/Eh0EZ+l+iC+u+v+w3/BA5NGi4nizAVHGYvQBHUDuSmLjPp7NQ==",
      "requires": {
        "@lit/reactive-element": "^1.3.0",
        "lit-html": "^2.2.0"
      }
    },
    "lit-html": {
      "version": "2.6.0",
      "resolved": "https://registry.npmjs.org/lit-html/-/lit-html-2.6.0.tgz",
      "integrity": "sha512-slNAAYfvC7LxeryDOnPFl5uTpxGYGJ6UR9SFmfY+gQ+sf30z1atDPXlgjcSTtwymNdlwDhfGjq+EemQRXp9z1g==",
      "requires": {
        "@types/trusted-types": "^2.0.2"
      }
    },
    "lottie-web": {
      "version": "5.10.1",
      "resolved": "https://registry.npmjs.org/lottie-web/-/lottie-web-5.10.1.tgz",
      "integrity": "sha512-u17bVNf/vA3oK9Wkyb1Vpo83WUIEQwaT0GeEN0qcvaExizyJ/RjmcbjSDj0CnwQCtpGqTgYhqprCC7cTWuXMNw=="
    },
    "mouse-follower": {
      "version": "1.1.2",
      "resolved": "https://registry.npmjs.org/mouse-follower/-/mouse-follower-1.1.2.tgz",
      "integrity": "sha512-Wa/3MKMNWW1qy7XuG34NMRAm504p0PckJU4yTyXCoNYFaaIcZi+bpnTg0L2u8QuGBYgs2ue84wGCPIaQQzRV3Q=="
    },
    "pako": {
      "version": "2.1.0",
      "resolved": "https://registry.npmjs.org/pako/-/pako-2.1.0.tgz",
      "integrity": "sha512-w+eufiZ1WuJYgPXbV/PO3NCMEc3xqylkKHzp8bxp1uW4qaSNQUkwmLLEc3kKsfz8lpV1F8Ht3U1Cm+9Srog2ug=="
    },
    "resize-observer-polyfill": {
      "version": "1.5.1",
      "resolved": "https://registry.npmjs.org/resize-observer-polyfill/-/resize-observer-polyfill-1.5.1.tgz",
      "integrity": "sha512-LwZrotdHOo12nQuZlHEmtuXdqGoOD0OhaxopaNFxWzInpEgaLWoVuAMbTzixuosCx2nEG58ngzW3vxdWoxIgdg=="
    }
  }
}
